
Microsoft Visual Studio Solution File, Format Version 12.00
# Visual Studio Version 17
VisualStudioVersion = 17.11.35222.181
MinimumVisualStudioVersion = 10.0.40219.1
Project("{FAE04EC0-301F-11D3-BF4B-00C04F79EFBC}") = "TestApplication", "TestApplication.csproj", "{F12F9B10-155D-4393-8361-6CE51D24699C}"
EndProject
Global
	GlobalSection(SolutionConfigurationPlatforms) = preSolution
		Debug|Any CPU = Debug|Any CPU
		Release|Any CPU = Release|Any CPU
	EndGlobalSection
	GlobalSection(ProjectConfigurationPlatforms) = postSolution
		{F12F9B10-155D-4393-8361-6CE51D24699C}.Debug|Any CPU.ActiveCfg = Debug|Any CPU
		{F12F9B10-155D-4393-8361-6CE51D24699C}.Debug|Any CPU.Build.0 = Debug|Any CPU
		{F12F9B10-155D-4393-8361-6CE51D24699C}.Release|Any CPU.ActiveCfg = Release|Any CPU
		{F12F9B10-155D-4393-8361-6CE51D24699C}.Release|Any CPU.Build.0 = Release|Any CPU
	EndGlobalSection
	GlobalSection(SolutionProperties) = preSolution
		HideSolutionNode = FALSE
	EndGlobalSection
	GlobalSection(ExtensibilityGlobals) = postSolution
		SolutionGuid = {75004460-D078-4224-BAFD-FD15982654A8}
	EndGlobalSection
EndGlobal
